
Microsoft Visual Studio Solution File, Format Version 12.00
# Visual Studio Version 17
VisualStudioVersion = 17.3.32929.385
MinimumVisualStudioVersion = 10.0.40219.1
Project("{9A19103F-16F7-4668-BE54-9A1E7A4F7556}") = "ParseEngine", "ParseEngine\ParseEngine.csproj", "{563628D9-652B-4FD3-9CC6-03E5266B3E5A}"
EndProject
Project("{FAE04EC0-301F-11D3-BF4B-00C04F79EFBC}") = "ParseTesting", "ParseTesting\ParseTesting.csproj", "{95797EE4-86F4-4955-9184-E376A06AC5C2}"
EndProject
Global
	GlobalSection(SolutionConfigurationPlatforms) = preSolution
		Debug|Any CPU = Debug|Any CPU
		Release|Any CPU = Release|Any CPU
	EndGlobalSection
	GlobalSection(ProjectConfigurationPlatforms) = postSolution
		{563628D9-652B-4FD3-9CC6-03E5266B3E5A}.Debug|Any CPU.ActiveCfg = Debug|Any CPU
		{563628D9-652B-4FD3-9CC6-03E5266B3E5A}.Debug|Any CPU.Build.0 = Debug|Any CPU
		{563628D9-652B-4FD3-9CC6-03E5266B3E5A}.Release|Any CPU.ActiveCfg = Release|Any CPU
		{563628D9-652B-4FD3-9CC6-03E5266B3E5A}.Release|Any CPU.Build.0 = Release|Any CPU
		{95797EE4-86F4-4955-9184-E376A06AC5C2}.Debug|Any CPU.ActiveCfg = Debug|Any CPU
		{95797EE4-86F4-4955-9184-E376A06AC5C2}.Debug|Any CPU.Build.0 = Debug|Any CPU
		{95797EE4-86F4-4955-9184-E376A06AC5C2}.Release|Any CPU.ActiveCfg = Release|Any CPU
		{95797EE4-86F4-4955-9184-E376A06AC5C2}.Release|Any CPU.Build.0 = Release|Any CPU
	EndGlobalSection
	GlobalSection(SolutionProperties) = preSolution
		HideSolutionNode = FALSE
	EndGlobalSection
	GlobalSection(ExtensibilityGlobals) = postSolution
		SolutionGuid = {2F399D38-DEB5-4BDC-8A0F-2452E05F33C7}
	EndGlobalSection
EndGlobal
